
Microsoft Visual Studio Solution File, Format Version 12.00
# Visual Studio 15
VisualStudioVersion = 15.0.27130.2026
MinimumVisualStudioVersion = 10.0.40219.1
Project("{FAE04EC0-301F-11D3-BF4B-00C04F79EFBC}") = "MVCWork3", "MVCWork3\MVCWork3.csproj", "{25C430E4-1FD2-417D-B3F1-67AB63AB81C3}"
EndProject
Global
	GlobalSection(SolutionConfigurationPlatforms) = preSolution
		Debug|Any CPU = Debug|Any CPU
		Release|Any CPU = Release|Any CPU
	EndGlobalSection
	GlobalSection(ProjectConfigurationPlatforms) = postSolution
		{25C430E4-1FD2-417D-B3F1-67AB63AB81C3}.Debug|Any CPU.ActiveCfg = Debug|Any CPU
		{25C430E4-1FD2-417D-B3F1-67AB63AB81C3}.Debug|Any CPU.Build.0 = Debug|Any CPU
		{25C430E4-1FD2-417D-B3F1-67AB63AB81C3}.Release|Any CPU.ActiveCfg = Release|Any CPU
		{25C430E4-1FD2-417D-B3F1-67AB63AB81C3}.Release|Any CPU.Build.0 = Release|Any CPU
	EndGlobalSection
	GlobalSection(SolutionProperties) = preSolution
		HideSolutionNode = FALSE
	EndGlobalSection
	GlobalSection(ExtensibilityGlobals) = postSolution
		SolutionGuid = {5848D15D-69D2-4AC8-AD84-5FBE3082EBDD}
	EndGlobalSection
EndGlobal
